
Microsoft Visual Studio Solution File, Format Version 12.00
# Visual Studio 15
VisualStudioVersion = 15.0.28307.852
MinimumVisualStudioVersion = 10.0.40219.1
Project("{FAE04EC0-301F-11D3-BF4B-00C04F79EFBC}") = "ControlCalidad", "ControlCalidad\ControlCalidad.csproj", "{AB4DE917-9AC5-408C-8296-2146F476A19D}"
EndProject
Global
	GlobalSection(SolutionConfigurationPlatforms) = preSolution
		Debug|Any CPU = Debug|Any CPU
		Release|Any CPU = Release|Any CPU
	EndGlobalSection
	GlobalSection(ProjectConfigurationPlatforms) = postSolution
		{AB4DE917-9AC5-408C-8296-2146F476A19D}.Debug|Any CPU.ActiveCfg = Debug|Any CPU
		{AB4DE917-9AC5-408C-8296-2146F476A19D}.Debug|Any CPU.Build.0 = Debug|Any CPU
		{AB4DE917-9AC5-408C-8296-2146F476A19D}.Release|Any CPU.ActiveCfg = Release|Any CPU
		{AB4DE917-9AC5-408C-8296-2146F476A19D}.Release|Any CPU.Build.0 = Release|Any CPU
	EndGlobalSection
	GlobalSection(SolutionProperties) = preSolution
		HideSolutionNode = FALSE
	EndGlobalSection
	GlobalSection(ExtensibilityGlobals) = postSolution
		SolutionGuid = {97C5E265-562D-406A-BEEC-EC31E9992A51}
	EndGlobalSection
EndGlobal
